dependencies:
  dernasherbrezon/sx127x:
    component_hash: 98fa3fd80e015566ff47ecb4bf5d0d096fb25958f2345e1d440adb1ce8351349
    source:
      type: service
    version: 3.1.2
  espressif/eigen:
    component_hash: 64a82d75ea6b7cb9240398ce0b6616e905d71b83a734b2cf9cb58ad09dd4f5ea
    source:
      type: service
    version: 3.4.0~2
  espressif/esp-dsp:
    component_hash: 3e7bbd487f1357a1d4944d0c85966d049501ea281b8a4c7f93f7cfedd5b7f23d
    source:
      type: service
    version: 1.4.12
  idf:
    component_hash: null
    source:
      type: idf
    version: 5.2.2
  igrr/libnmea:
    component_hash: 25ea527f892761c4311831ecadfa0cb1a3a323501c43b4a8263639beec01ae57
    source:
      type: service
    version: 0.1.1
manifest_hash: 562c998161f3136009c041d542077ea0ad42f3b8050551aa6769364030c44423
target: esp32s3
version: 1.0.0
